// !$*UTF8*$!
{
	archiveVersion = 1;
	classes = {
	};
	objectVersion = 48;
	objects = {

/* Begin PBXBuildFile section */
		2E29062C1FEA410900B9F54C /* AppDelegate.swift in Sources */ = {isa = PBXBuildFile; fileRef = 2E29062B1FEA410900B9F54C /* AppDelegate.swift */; };
		2E29062E1FEA410900B9F54C /* ViewController.swift in Sources */ = {isa = PBXBuildFile; fileRef = 2E29062D1FEA410900B9F54C /* ViewController.swift */; };
		2E2906311FEA410900B9F54C /* Main.storyboard in Resources */ = {isa = PBXBuildFile; fileRef = 2E29062F1FEA410900B9F54C /* Main.storyboard */; };
		2E2906331FEA410900B9F54C /* Assets.xcassets in Resources */ = {isa = PBXBuildFile; fileRef = 2E2906321FEA410900B9F54C /* Assets.xcassets */; };
		2E2906361FEA410900B9F54C /* LaunchScreen.storyboard in Resources */ = {isa = PBXBuildFile; fileRef = 2E2906341FEA410900B9F54C /* LaunchScreen.storyboard */; };
		2E2906411FEA410900B9F54C /* WeiBoTests.swift in Sources */ = {isa = PBXBuildFile; fileRef = 2E2906401FEA410900B9F54C /* WeiBoTests.swift */; };
		2E29064C1FEA410900B9F54C /* WeiBoUITests.swift in Sources */ = {isa = PBXBuildFile; fileRef = 2E29064B1FEA410900B9F54C /* WeiBoUITests.swift */; };
		2E29065E1FEA41C800B9F54C /* tabbar.plist in Resources */ = {isa = PBXBuildFile; fileRef = 2E29065D1FEA41C800B9F54C /* tabbar.plist */; };
		2E2906621FEA42D900B9F54C /* MainTabBarController.swift in Sources */ = {isa = PBXBuildFile; fileRef = 2E2906611FEA42D900B9F54C /* MainTabBarController.swift */; };
		2E2906691FEA444F00B9F54C /* HomeViewController.swift in Sources */ = {isa = PBXBuildFile; fileRef = 2E2906681FEA444F00B9F54C /* HomeViewController.swift */; };
		2E29066B1FEA446F00B9F54C /* MineViewController.swift in Sources */ = {isa = PBXBuildFile; fileRef = 2E29066A1FEA446F00B9F54C /* MineViewController.swift */; };
		2E29066D1FEA447E00B9F54C /* DiscoverViewController.swift in Sources */ = {isa = PBXBuildFile; fileRef = 2E29066C1FEA447E00B9F54C /* DiscoverViewController.swift */; };
		2E29066F1FEA4A6100B9F54C /* Bundle+Extensions.swift in Sources */ = {isa = PBXBuildFile; fileRef = 2E29066E1FEA4A6100B9F54C /* Bundle+Extensions.swift */; };
		2E2906711FEA4C3700B9F54C /* ZJNavigationController.swift in Sources */ = {isa = PBXBuildFile; fileRef = 2E2906701FEA4C3700B9F54C /* ZJNavigationController.swift */; };
		2E2906731FEA4EAE00B9F54C /* Common.swift in Sources */ = {isa = PBXBuildFile; fileRef = 2E2906721FEA4EAE00B9F54C /* Common.swift */; };
		2E2906751FEA504D00B9F54C /* MessageViewController.swift in Sources */ = {isa = PBXBuildFile; fileRef = 2E2906741FEA504D00B9F54C /* MessageViewController.swift */; };
		2E2906781FEA549300B9F54C /* ZJTabBar.swift in Sources */ = {isa = PBXBuildFile; fileRef = 2E2906771FEA549300B9F54C /* ZJTabBar.swift */; };
		2E29067A1FEA576800B9F54C /* UIButton+Extension.swift in Sources */ = {isa = PBXBuildFile; fileRef = 2E2906791FEA576800B9F54C /* UIButton+Extension.swift */; };
		2EF3111C1FEB41DA00D8FDE9 /* String+Extension.swift in Sources */ = {isa = PBXBuildFile; fileRef = 2EF311151FEB41D800D8FDE9 /* String+Extension.swift */; };
		2EF3111D1FEB41DA00D8FDE9 /* UIBarButtonItem+Extesion.swift in Sources */ = {isa = PBXBuildFile; fileRef = 2EF311161FEB41D800D8FDE9 /* UIBarButtonItem+Extesion.swift */; };
		2EF3111E1FEB41DA00D8FDE9 /* Date+Extension.swift in Sources */ = {isa = PBXBuildFile; fileRef = 2EF311171FEB41D900D8FDE9 /* Date+Extension.swift */; };
		2EF3111F1FEB41DA00D8FDE9 /* UIImageView+Extension.swift in Sources */ = {isa = PBXBuildFile; fileRef = 2EF311181FEB41D900D8FDE9 /* UIImageView+Extension.swift */; };
		2EF311201FEB41DA00D8FDE9 /* UIImage+Extension.swift in Sources */ = {isa = PBXBuildFile; fileRef = 2EF311191FEB41D900D8FDE9 /* UIImage+Extension.swift */; };
		2EF311211FEB41DA00D8FDE9 /* UIView+Extension.swift in Sources */ = {isa = PBXBuildFile; fileRef = 2EF3111A1FEB41DA00D8FDE9 /* UIView+Extension.swift */; };
		2EF311221FEB41DA00D8FDE9 /* UIColor+Extension.swift in Sources */ = {isa = PBXBuildFile; fileRef = 2EF3111B1FEB41DA00D8FDE9 /* UIColor+Extension.swift */; };
		2EF311271FEB43AE00D8FDE9 /* FFLabel.swift in Sources */ = {isa = PBXBuildFile; fileRef = 2EF311241FEB43AD00D8FDE9 /* FFLabel.swift */; };
		2EF311281FEB43AE00D8FDE9 /* YWFPSLabel.swift in Sources */ = {isa = PBXBuildFile; fileRef = 2EF311261FEB43AD00D8FDE9 /* YWFPSLabel.swift */; };
/* End PBXBuildFile section */

/* Begin PBXContainerItemProxy section */
		2E29063D1FEA410900B9F54C /* PBXContainerItemProxy */ = {
			isa = PBXContainerItemProxy;
			containerPortal = 2E2906201FEA410900B9F54C /* Project object */;
			proxyType = 1;
			remoteGlobalIDString = 2E2906271FEA410900B9F54C;
			remoteInfo = WeiBo;
		};
		2E2906481FEA410900B9F54C /* PBXContainerItemProxy */ = {
			isa = PBXContainerItemProxy;
			containerPortal = 2E2906201FEA410900B9F54C /* Project object */;
			proxyType = 1;
			remoteGlobalIDString = 2E2906271FEA410900B9F54C;
			remoteInfo = WeiBo;
		};
/* End PBXContainerItemProxy section */

/* Begin PBXFileReference section */
		2E2906281FEA410900B9F54C /* WeiBo.app */ = {isa = PBXFileReference; explicitFileType = wrapper.application; includeInIndex = 0; path = WeiBo.app; sourceTree = BUILT_PRODUCTS_DIR; };
		2E29062B1FEA410900B9F54C /* AppDelegate.swift */ = {isa = PBXFileReference; lastKnownFileType = sourcecode.swift; path = AppDelegate.swift; sourceTree = "<group>"; };
		2E29062D1FEA410900B9F54C /* ViewController.swift */ = {isa = PBXFileReference; lastKnownFileType = sourcecode.swift; path = ViewController.swift; sourceTree = "<group>"; };
		2E2906301FEA410900B9F54C /* Base */ = {isa = PBXFileReference; lastKnownFileType = file.storyboard; name = Base; path = Base.lproj/Main.storyboard; sourceTree = "<group>"; };
		2E2906321FEA410900B9F54C /* Assets.xcassets */ = {isa = PBXFileReference; lastKnownFileType = folder.assetcatalog; path = Assets.xcassets; sourceTree = "<group>"; };
		2E2906351FEA410900B9F54C /* Base */ = {isa = PBXFileReference; lastKnownFileType = file.storyboard; name = Base; path = Base.lproj/LaunchScreen.storyboard; sourceTree = "<group>"; };
		2E2906371FEA410900B9F54C /* Info.plist */ = {isa = PBXFileReference; lastKnownFileType = text.plist.xml; path = Info.plist; sourceTree = "<group>"; };
		2E29063C1FEA410900B9F54C /* WeiBoTests.xctest */ = {isa = PBXFileReference; explicitFileType = wrapper.cfbundle; includeInIndex = 0; path = WeiBoTests.xctest; sourceTree = BUILT_PRODUCTS_DIR; };
		2E2906401FEA410900B9F54C /* WeiBoTests.swift */ = {isa = PBXFileReference; lastKnownFileType = sourcecode.swift; path = WeiBoTests.swift; sourceTree = "<group>"; };
		2E2906421FEA410900B9F54C /* Info.plist */ = {isa = PBXFileReference; lastKnownFileType = text.plist.xml; path = Info.plist; sourceTree = "<group>"; };
		2E2906471FEA410900B9F54C /* WeiBoUITests.xctest */ = {isa = PBXFileReference; explicitFileType = wrapper.cfbundle; includeInIndex = 0; path = WeiBoUITests.xctest; sourceTree = BUILT_PRODUCTS_DIR; };
		2E29064B1FEA410900B9F54C /* WeiBoUITests.swift */ = {isa = PBXFileReference; lastKnownFileType = sourcecode.swift; path = WeiBoUITests.swift; sourceTree = "<group>"; };
		2E29064D1FEA410900B9F54C /* Info.plist */ = {isa = PBXFileReference; lastKnownFileType = text.plist.xml; path = Info.plist; sourceTree = "<group>"; };
		2E29065D1FEA41C800B9F54C /* tabbar.plist */ = {isa = PBXFileReference; lastKnownFileType = text.plist.xml; path = tabbar.plist; sourceTree = "<group>"; };
		2E2906611FEA42D900B9F54C /* MainTabBarController.swift */ = {isa = PBXFileReference; lastKnownFileType = sourcecode.swift; path = MainTabBarController.swift; sourceTree = "<group>"; };
		2E2906681FEA444F00B9F54C /* HomeViewController.swift */ = {isa = PBXFileReference; lastKnownFileType = sourcecode.swift; path = HomeViewController.swift; sourceTree = "<group>"; };
		2E29066A1FEA446F00B9F54C /* MineViewController.swift */ = {isa = PBXFileReference; lastKnownFileType = sourcecode.swift; path = MineViewController.swift; sourceTree = "<group>"; };
		2E29066C1FEA447E00B9F54C /* DiscoverViewController.swift */ = {isa = PBXFileReference; lastKnownFileType = sourcecode.swift; path = DiscoverViewController.swift; sourceTree = "<group>"; };
		2E29066E1FEA4A6100B9F54C /* Bundle+Extensions.swift */ = {isa = PBXFileReference; lastKnownFileType = sourcecode.swift; path = "Bundle+Extensions.swift"; sourceTree = "<group>"; };
		2E2906701FEA4C3700B9F54C /* ZJNavigationController.swift */ = {isa = PBXFileReference; lastKnownFileType = sourcecode.swift; path = ZJNavigationController.swift; sourceTree = "<group>"; };
		2E2906721FEA4EAE00B9F54C /* Common.swift */ = {isa = PBXFileReference; lastKnownFileType = sourcecode.swift; path = Common.swift; sourceTree = "<group>"; };
		2E2906741FEA504D00B9F54C /* MessageViewController.swift */ = {isa = PBXFileReference; lastKnownFileType = sourcecode.swift; path = MessageViewController.swift; sourceTree = "<group>"; };
		2E2906771FEA549300B9F54C /* ZJTabBar.swift */ = {isa = PBXFileReference; lastKnownFileType = sourcecode.swift; path = ZJTabBar.swift; sourceTree = "<group>"; };
		2E2906791FEA576800B9F54C /* UIButton+Extension.swift */ = {isa = PBXFileReference; lastKnownFileType = sourcecode.swift; path = "UIButton+Extension.swift"; sourceTree = "<group>"; };
		2EF311151FEB41D800D8FDE9 /* String+Extension.swift */ = {isa = PBXFileReference; fileEncoding = 4; lastKnownFileType = sourcecode.swift; path = "String+Extension.swift"; sourceTree = "<group>"; };
		2EF311161FEB41D800D8FDE9 /* UIBarButtonItem+Extesion.swift */ = {isa = PBXFileReference; fileEncoding = 4; lastKnownFileType = sourcecode.swift; path = "UIBarButtonItem+Extesion.swift"; sourceTree = "<group>"; };
		2EF311171FEB41D900D8FDE9 /* Date+Extension.swift */ = {isa = PBXFileReference; fileEncoding = 4; lastKnownFileType = sourcecode.swift; path = "Date+Extension.swift"; sourceTree = "<group>"; };
		2EF311181FEB41D900D8FDE9 /* UIImageView+Extension.swift */ = {isa = PBXFileReference; fileEncoding = 4; lastKnownFileType = sourcecode.swift; path = "UIImageView+Extension.swift"; sourceTree = "<group>"; };
		2EF311191FEB41D900D8FDE9 /* UIImage+Extension.swift */ = {isa = PBXFileReference; fileEncoding = 4; lastKnownFileType = sourcecode.swift; path = "UIImage+Extension.swift"; sourceTree = "<group>"; };
		2EF3111A1FEB41DA00D8FDE9 /* UIView+Extension.swift */ = {isa = PBXFileReference; fileEncoding = 4; lastKnownFileType = sourcecode.swift; path = "UIView+Extension.swift"; sourceTree = "<group>"; };
		2EF3111B1FEB41DA00D8FDE9 /* UIColor+Extension.swift */ = {isa = PBXFileReference; fileEncoding = 4; lastKnownFileType = sourcecode.swift; path = "UIColor+Extension.swift"; sourceTree = "<group>"; };
		2EF311241FEB43AD00D8FDE9 /* FFLabel.swift */ = {isa = PBXFileReference; fileEncoding = 4; lastKnownFileType = sourcecode.swift; path = FFLabel.swift; sourceTree = "<group>"; };
		2EF311261FEB43AD00D8FDE9 /* YWFPSLabel.swift */ = {isa = PBXFileReference; fileEncoding = 4; lastKnownFileType = sourcecode.swift; path = YWFPSLabel.swift; sourceTree = "<group>"; };
/* End PBXFileReference section */

/* Begin PBXFrameworksBuildPhase section */
		2E2906251FEA410900B9F54C /* Frameworks */ = {
			isa = PBXFrameworksBuildPhase;
			buildActionMask = 2147483647;
			files = (
			);
			runOnlyForDeploymentPostprocessing = 0;
		};
		2E2906391FEA410900B9F54C /* Frameworks */ = {
			isa = PBXFrameworksBuildPhase;
			buildActionMask = 2147483647;
			files = (
			);
			runOnlyForDeploymentPostprocessing = 0;
		};
		2E2906441FEA410900B9F54C /* Frameworks */ = {
			isa = PBXFrameworksBuildPhase;
			buildActionMask = 2147483647;
			files = (
			);
			runOnlyForDeploymentPostprocessing = 0;
		};
/* End PBXFrameworksBuildPhase section */

/* Begin PBXGroup section */
		2E29061F1FEA410900B9F54C = {
			isa = PBXGroup;
			children = (
				2E29062A1FEA410900B9F54C /* WeiBo */,
				2E29063F1FEA410900B9F54C /* WeiBoTests */,
				2E29064A1FEA410900B9F54C /* WeiBoUITests */,
				2E2906291FEA410900B9F54C /* Products */,
			);
			sourceTree = "<group>";
		};
		2E2906291FEA410900B9F54C /* Products */ = {
			isa = PBXGroup;
			children = (
				2E2906281FEA410900B9F54C /* WeiBo.app */,
				2E29063C1FEA410900B9F54C /* WeiBoTests.xctest */,
				2E2906471FEA410900B9F54C /* WeiBoUITests.xctest */,
			);
			name = Products;
			sourceTree = "<group>";
		};
		2E29062A1FEA410900B9F54C /* WeiBo */ = {
			isa = PBXGroup;
			children = (
				2E2906591FEA41A100B9F54C /* Classes */,
				2E29062B1FEA410900B9F54C /* AppDelegate.swift */,
				2E29062D1FEA410900B9F54C /* ViewController.swift */,
				2E29062F1FEA410900B9F54C /* Main.storyboard */,
				2E2906321FEA410900B9F54C /* Assets.xcassets */,
				2E2906341FEA410900B9F54C /* LaunchScreen.storyboard */,
				2E2906371FEA410900B9F54C /* Info.plist */,
			);
			path = WeiBo;
			sourceTree = "<group>";
		};
		2E29063F1FEA410900B9F54C /* WeiBoTests */ = {
			isa = PBXGroup;
			children = (
				2E2906401FEA410900B9F54C /* WeiBoTests.swift */,
				2E2906421FEA410900B9F54C /* Info.plist */,
			);
			path = WeiBoTests;
			sourceTree = "<group>";
		};
		2E29064A1FEA410900B9F54C /* WeiBoUITests */ = {
			isa = PBXGroup;
			children = (
				2E29064B1FEA410900B9F54C /* WeiBoUITests.swift */,
				2E29064D1FEA410900B9F54C /* Info.plist */,
			);
			path = WeiBoUITests;
			sourceTree = "<group>";
		};
		2E2906591FEA41A100B9F54C /* Classes */ = {
			isa = PBXGroup;
			children = (
				2E2906601FEA42A800B9F54C /* Other */,
				2E29065F1FEA429600B9F54C /* Controller */,
				2E29065A1FEA41A100B9F54C /* Resource */,
				2E29065B1FEA41A100B9F54C /* Tool */,
				2E29065C1FEA41A100B9F54C /* View */,
			);
			path = Classes;
			sourceTree = "<group>";
		};
		2E29065A1FEA41A100B9F54C /* Resource */ = {
			isa = PBXGroup;
			children = (
				2E2906761FEA511F00B9F54C /* StartImage */,
				2E29065D1FEA41C800B9F54C /* tabbar.plist */,
			);
			path = Resource;
			sourceTree = "<group>";
		};
		2E29065B1FEA41A100B9F54C /* Tool */ = {
			isa = PBXGroup;
			children = (
				2EF311231FEB43AD00D8FDE9 /* FFLabel */,
				2EF311251FEB43AD00D8FDE9 /* YWFPSLabel */,
				2EF311161FEB41D800D8FDE9 /* UIBarButtonItem+Extesion.swift */,
				2EF3111A1FEB41DA00D8FDE9 /* UIView+Extension.swift */,
				2EF311171FEB41D900D8FDE9 /* Date+Extension.swift */,
				2EF311191FEB41D900D8FDE9 /* UIImage+Extension.swift */,
				2EF3111B1FEB41DA00D8FDE9 /* UIColor+Extension.swift */,
				2EF311181FEB41D900D8FDE9 /* UIImageView+Extension.swift */,
				2EF311151FEB41D800D8FDE9 /* String+Extension.swift */,
				2E29066E1FEA4A6100B9F54C /* Bundle+Extensions.swift */,
				2E2906721FEA4EAE00B9F54C /* Common.swift */,
				2E2906791FEA576800B9F54C /* UIButton+Extension.swift */,
			);
			path = Tool;
			sourceTree = "<group>";
		};
		2E29065C1FEA41A100B9F54C /* View */ = {
			isa = PBXGroup;
			children = (
			);
			path = View;
			sourceTree = "<group>";
		};
		2E29065F1FEA429600B9F54C /* Controller */ = {
			isa = PBXGroup;
			children = (
				2E2906641FEA443700B9F54C /* Discover */,
				2E2906651FEA443700B9F54C /* Home */,
				2E2906631FEA443700B9F54C /* Message */,
				2E2906671FEA443800B9F54C /* Mine */,
				2E2906661FEA443800B9F54C /* Push */,
			);
			path = Controller;
			sourceTree = "<group>";
		};
		2E2906601FEA42A800B9F54C /* Other */ = {
			isa = PBXGroup;
			children = (
				2E2906611FEA42D900B9F54C /* MainTabBarController.swift */,
				2E2906771FEA549300B9F54C /* ZJTabBar.swift */,
				2E2906701FEA4C3700B9F54C /* ZJNavigationController.swift */,
			);
			path = Other;
			sourceTree = "<group>";
		};
		2E2906631FEA443700B9F54C /* Message */ = {
			isa = PBXGroup;
			children = (
				2E2906741FEA504D00B9F54C /* MessageViewController.swift */,
			);
			path = Message;
			sourceTree = "<group>";
		};
		2E2906641FEA443700B9F54C /* Discover */ = {
			isa = PBXGroup;
			children = (
				2E29066C1FEA447E00B9F54C /* DiscoverViewController.swift */,
			);
			path = Discover;
			sourceTree = "<group>";
		};
		2E2906651FEA443700B9F54C /* Home */ = {
			isa = PBXGroup;
			children = (
				2E2906681FEA444F00B9F54C /* HomeViewController.swift */,
			);
			path = Home;
			sourceTree = "<group>";
		};
		2E2906661FEA443800B9F54C /* Push */ = {
			isa = PBXGroup;
			children = (
			);
			path = Push;
			sourceTree = "<group>";
		};
		2E2906671FEA443800B9F54C /* Mine */ = {
			isa = PBXGroup;
			children = (
				2E29066A1FEA446F00B9F54C /* MineViewController.swift */,
			);
			path = Mine;
			sourceTree = "<group>";
		};
		2E2906761FEA511F00B9F54C /* StartImage */ = {
			isa = PBXGroup;
			children = (
			);
			path = StartImage;
			sourceTree = "<group>";
		};
		2EF311231FEB43AD00D8FDE9 /* FFLabel */ = {
			isa = PBXGroup;
			children = (
				2EF311241FEB43AD00D8FDE9 /* FFLabel.swift */,
			);
			path = FFLabel;
			sourceTree = "<group>";
		};
		2EF311251FEB43AD00D8FDE9 /* YWFPSLabel */ = {
			isa = PBXGroup;
			children = (
				2EF311261FEB43AD00D8FDE9 /* YWFPSLabel.swift */,
			);
			path = YWFPSLabel;
			sourceTree = "<group>";
		};
/* End PBXGroup section */

/* Begin PBXNativeTarget section */
		2E2906271FEA410900B9F54C /* WeiBo */ = {
			isa = PBXNativeTarget;
			buildConfigurationList = 2E2906501FEA410900B9F54C /* Build configuration list for PBXNativeTarget "WeiBo" */;
			buildPhases = (
				2E2906241FEA410900B9F54C /* Sources */,
				2E2906251FEA410900B9F54C /* Frameworks */,
				2E2906261FEA410900B9F54C /* Resources */,
			);
			buildRules = (
			);
			dependencies = (
			);
			name = WeiBo;
			productName = WeiBo;
			productReference = 2E2906281FEA410900B9F54C /* WeiBo.app */;
			productType = "com.apple.product-type.application";
		};
		2E29063B1FEA410900B9F54C /* WeiBoTests */ = {
			isa = PBXNativeTarget;
			buildConfigurationList = 2E2906531FEA410900B9F54C /* Build configuration list for PBXNativeTarget "WeiBoTests" */;
			buildPhases = (
				2E2906381FEA410900B9F54C /* Sources */,
				2E2906391FEA410900B9F54C /* Frameworks */,
				2E29063A1FEA410900B9F54C /* Resources */,
			);
			buildRules = (
			);
			dependencies = (
				2E29063E1FEA410900B9F54C /* PBXTargetDependency */,
			);
			name = WeiBoTests;
			productName = WeiBoTests;
			productReference = 2E29063C1FEA410900B9F54C /* WeiBoTests.xctest */;
			productType = "com.apple.product-type.bundle.unit-test";
		};
		2E2906461FEA410900B9F54C /* WeiBoUITests */ = {
			isa = PBXNativeTarget;
			buildConfigurationList = 2E2906561FEA410900B9F54C /* Build configuration list for PBXNativeTarget "WeiBoUITests" */;
			buildPhases = (
				2E2906431FEA410900B9F54C /* Sources */,
				2E2906441FEA410900B9F54C /* Frameworks */,
				2E2906451FEA410900B9F54C /* Resources */,
			);
			buildRules = (
			);
			dependencies = (
				2E2906491FEA410900B9F54C /* PBXTargetDependency */,
			);
			name = WeiBoUITests;
			productName = WeiBoUITests;
			productReference = 2E2906471FEA410900B9F54C /* WeiBoUITests.xctest */;
			productType = "com.apple.product-type.bundle.ui-testing";
		};
/* End PBXNativeTarget section */

/* Begin PBXProject section */
		2E2906201FEA410900B9F54C /* Project object */ = {
			isa = PBXProject;
			attributes = {
				LastSwiftUpdateCheck = 0920;
				LastUpgradeCheck = 0920;
				ORGANIZATIONNAME = "成良雨";
				TargetAttributes = {
					2E2906271FEA410900B9F54C = {
						CreatedOnToolsVersion = 9.2;
						ProvisioningStyle = Automatic;
					};
					2E29063B1FEA410900B9F54C = {
						CreatedOnToolsVersion = 9.2;
						ProvisioningStyle = Automatic;
						TestTargetID = 2E2906271FEA410900B9F54C;
					};
					2E2906461FEA410900B9F54C = {
						CreatedOnToolsVersion = 9.2;
						ProvisioningStyle = Automatic;
						TestTargetID = 2E2906271FEA410900B9F54C;
					};
				};
			};
			buildConfigurationList = 2E2906231FEA410900B9F54C /* Build configuration list for PBXProject "WeiBo" */;
			compatibilityVersion = "Xcode 8.0";
			developmentRegion = en;
			hasScannedForEncodings = 0;
			knownRegions = (
				en,
				Base,
			);
			mainGroup = 2E29061F1FEA410900B9F54C;
			productRefGroup = 2E2906291FEA410900B9F54C /* Products */;
			projectDirPath = "";
			projectRoot = "";
			targets = (
				2E2906271FEA410900B9F54C /* WeiBo */,
				2E29063B1FEA410900B9F54C /* WeiBoTests */,
				2E2906461FEA410900B9F54C /* WeiBoUITests */,
			);
		};
/* End PBXProject section */

/* Begin PBXResourcesBuildPhase section */
		2E2906261FEA410900B9F54C /* Resources */ = {
			isa = PBXResourcesBuildPhase;
			buildActionMask = 2147483647;
			files = (
				2E2906361FEA410900B9F54C /* LaunchScreen.storyboard in Resources */,
				2E2906331FEA410900B9F54C /* Assets.xcassets in Resources */,
				2E29065E1FEA41C800B9F54C /* tabbar.plist in Resources */,
				2E2906311FEA410900B9F54C /* Main.storyboard in Resources */,
			);
			runOnlyForDeploymentPostprocessing = 0;
		};
		2E29063A1FEA410900B9F54C /* Resources */ = {
			isa = PBXResourcesBuildPhase;
			buildActionMask = 2147483647;
			files = (
			);
			runOnlyForDeploymentPostprocessing = 0;
		};
		2E2906451FEA410900B9F54C /* Resources */ = {
			isa = PBXResourcesBuildPhase;
			buildActionMask = 2147483647;
			files = (
			);
			runOnlyForDeploymentPostprocessing = 0;
		};
/* End PBXResourcesBuildPhase section */

/* Begin PBXSourcesBuildPhase section */
		2E2906241FEA410900B9F54C /* Sources */ = {
			isa = PBXSourcesBuildPhase;
			buildActionMask = 2147483647;
			files = (
				2E29062E1FEA410900B9F54C /* ViewController.swift in Sources */,
				2EF311221FEB41DA00D8FDE9 /* UIColor+Extension.swift in Sources */,
				2E2906781FEA549300B9F54C /* ZJTabBar.swift in Sources */,
				2E29062C1FEA410900B9F54C /* AppDelegate.swift in Sources */,
				2E2906621FEA42D900B9F54C /* MainTabBarController.swift in Sources */,
				2E29066D1FEA447E00B9F54C /* DiscoverViewController.swift in Sources */,
				2EF3111E1FEB41DA00D8FDE9 /* Date+Extension.swift in Sources */,
				2EF3111D1FEB41DA00D8FDE9 /* UIBarButtonItem+Extesion.swift in Sources */,
				2EF311271FEB43AE00D8FDE9 /* FFLabel.swift in Sources */,
				2E29067A1FEA576800B9F54C /* UIButton+Extension.swift in Sources */,
				2EF3111C1FEB41DA00D8FDE9 /* String+Extension.swift in Sources */,
				2E2906751FEA504D00B9F54C /* MessageViewController.swift in Sources */,
				2EF3111F1FEB41DA00D8FDE9 /* UIImageView+Extension.swift in Sources */,
				2EF311281FEB43AE00D8FDE9 /* YWFPSLabel.swift in Sources */,
				2E2906731FEA4EAE00B9F54C /* Common.swift in Sources */,
				2EF311211FEB41DA00D8FDE9 /* UIView+Extension.swift in Sources */,
				2EF311201FEB41DA00D8FDE9 /* UIImage+Extension.swift in Sources */,
				2E2906691FEA444F00B9F54C /* HomeViewController.swift in Sources */,
				2E29066B1FEA446F00B9F54C /* MineViewController.swift in Sources */,
				2E29066F1FEA4A6100B9F54C /* Bundle+Extensions.swift in Sources */,
				2E2906711FEA4C3700B9F54C /* ZJNavigationController.swift in Sources */,
			);
			runOnlyForDeploymentPostprocessing = 0;
		};
		2E2906381FEA410900B9F54C /* Sources */ = {
			isa = PBXSourcesBuildPhase;
			buildActionMask = 2147483647;
			files = (
				2E2906411FEA410900B9F54C /* WeiBoTests.swift in Sources */,
			);
			runOnlyForDeploymentPostprocessing = 0;
		};
		2E2906431FEA410900B9F54C /* Sources */ = {
			isa = PBXSourcesBuildPhase;
			buildActionMask = 2147483647;
			files = (
				2E29064C1FEA410900B9F54C /* WeiBoUITests.swift in Sources */,
			);
			runOnlyForDeploymentPostprocessing = 0;
		};
/* End PBXSourcesBuildPhase section */

/* Begin PBXTargetDependency section */
		2E29063E1FEA410900B9F54C /* PBXTargetDependency */ = {
			isa = PBXTargetDependency;
			target = 2E2906271FEA410900B9F54C /* WeiBo */;
			targetProxy = 2E29063D1FEA410900B9F54C /* PBXContainerItemProxy */;
		};
		2E2906491FEA410900B9F54C /* PBXTargetDependency */ = {
			isa = PBXTargetDependency;
			target = 2E2906271FEA410900B9F54C /* WeiBo */;
			targetProxy = 2E2906481FEA410900B9F54C /* PBXContainerItemProxy */;
		};
/* End PBXTargetDependency section */

/* Begin PBXVariantGroup section */
		2E29062F1FEA410900B9F54C /* Main.storyboard */ = {
			isa = PBXVariantGroup;
			children = (
				2E2906301FEA410900B9F54C /* Base */,
			);
			name = Main.storyboard;
			sourceTree = "<group>";
		};
		2E2906341FEA410900B9F54C /* LaunchScreen.storyboard */ = {
			isa = PBXVariantGroup;
			children = (
				2E2906351FEA410900B9F54C /* Base */,
			);
			name = LaunchScreen.storyboard;
			sourceTree = "<group>";
		};
/* End PBXVariantGroup section */

/* Begin XCBuildConfiguration section */
		2E29064E1FEA410900B9F54C /* Debug */ = {
			isa = XCBuildConfiguration;
			buildSettings = {
				ALWAYS_SEARCH_USER_PATHS = NO;
				CLANG_ANALYZER_NONNULL = YES;
				CLANG_ANALYZER_NUMBER_OBJECT_CONVERSION = YES_AGGRESSIVE;
				CLANG_CXX_LANGUAGE_STANDARD = "gnu++14";
				CLANG_CXX_LIBRARY = "libc++";
				CLANG_ENABLE_MODULES = YES;
				CLANG_ENABLE_OBJC_ARC = YES;
				CLANG_WARN_BLOCK_CAPTURE_AUTORELEASING = YES;
				CLANG_WARN_BOOL_CONVERSION = YES;
				CLANG_WARN_COMMA = YES;
				CLANG_WARN_CONSTANT_CONVERSION = YES;
				CLANG_WARN_DIRECT_OBJC_ISA_USAGE = YES_ERROR;
				CLANG_WARN_DOCUMENTATION_COMMENTS = YES;
				CLANG_WARN_EMPTY_BODY = YES;
				CLANG_WARN_ENUM_CONVERSION = YES;
				CLANG_WARN_INFINITE_RECURSION = YES;
				CLANG_WARN_INT_CONVERSION = YES;
				CLANG_WARN_NON_LITERAL_NULL_CONVERSION = YES;
				CLANG_WARN_OBJC_LITERAL_CONVERSION = YES;
				CLANG_WARN_OBJC_ROOT_CLASS = YES_ERROR;
				CLANG_WARN_RANGE_LOOP_ANALYSIS = YES;
				CLANG_WARN_STRICT_PROTOTYPES = YES;
				CLANG_WARN_SUSPICIOUS_MOVE = YES;
				CLANG_WARN_UNGUARDED_AVAILABILITY = YES_AGGRESSIVE;
				CLANG_WARN_UNREACHABLE_CODE = YES;
				CLANG_WARN__DUPLICATE_METHOD_MATCH = YES;
				CODE_SIGN_IDENTITY = "iPhone Developer";
				COPY_PHASE_STRIP = NO;
				DEBUG_INFORMATION_FORMAT = dwarf;
				ENABLE_STRICT_OBJC_MSGSEND = YES;
				ENABLE_TESTABILITY = YES;
				GCC_C_LANGUAGE_STANDARD = gnu11;
				GCC_DYNAMIC_NO_PIC = NO;
				GCC_NO_COMMON_BLOCKS = YES;
				GCC_OPTIMIZATION_LEVEL = 0;
				GCC_PREPROCESSOR_DEFINITIONS = (
					"DEBUG=1",
					"$(inherited)",
				);
				GCC_WARN_64_TO_32_BIT_CONVERSION = YES;
				GCC_WARN_ABOUT_RETURN_TYPE = YES_ERROR;
				GCC_WARN_UNDECLARED_SELECTOR = YES;
				GCC_WARN_UNINITIALIZED_AUTOS = YES_AGGRESSIVE;
				GCC_WARN_UNUSED_FUNCTION = YES;
				GCC_WARN_UNUSED_VARIABLE = YES;
				IPHONEOS_DEPLOYMENT_TARGET = 11.2;
				MTL_ENABLE_DEBUG_INFO = YES;
				ONLY_ACTIVE_ARCH = YES;
				SDKROOT = iphoneos;
				SWIFT_ACTIVE_COMPILATION_CONDITIONS = DEBUG;
				SWIFT_OPTIMIZATION_LEVEL = "-Onone";
			};
			name = Debug;
		};
		2E29064F1FEA410900B9F54C /* Release */ = {
			isa = XCBuildConfiguration;
			buildSettings = {
				ALWAYS_SEARCH_USER_PATHS = NO;
				CLANG_ANALYZER_NONNULL = YES;
				CLANG_ANALYZER_NUMBER_OBJECT_CONVERSION = YES_AGGRESSIVE;
				CLANG_CXX_LANGUAGE_STANDARD = "gnu++14";
				CLANG_CXX_LIBRARY = "libc++";
				CLANG_ENABLE_MODULES = YES;
				CLANG_ENABLE_OBJC_ARC = YES;
				CLANG_WARN_BLOCK_CAPTURE_AUTORELEASING = YES;
				CLANG_WARN_BOOL_CONVERSION = YES;
				CLANG_WARN_COMMA = YES;
				CLANG_WARN_CONSTANT_CONVERSION = YES;
				CLANG_WARN_DIRECT_OBJC_ISA_USAGE = YES_ERROR;
				CLANG_WARN_DOCUMENTATION_COMMENTS = YES;
				CLANG_WARN_EMPTY_BODY = YES;
				CLANG_WARN_ENUM_CONVERSION = YES;
				CLANG_WARN_INFINITE_RECURSION = YES;
				CLANG_WARN_INT_CONVERSION = YES;
				CLANG_WARN_NON_LITERAL_NULL_CONVERSION = YES;
				CLANG_WARN_OBJC_LITERAL_CONVERSION = YES;
				CLANG_WARN_OBJC_ROOT_CLASS = YES_ERROR;
				CLANG_WARN_RANGE_LOOP_ANALYSIS = YES;
				CLANG_WARN_STRICT_PROTOTYPES = YES;
				CLANG_WARN_SUSPICIOUS_MOVE = YES;
				CLANG_WARN_UNGUARDED_AVAILABILITY = YES_AGGRESSIVE;
				CLANG_WARN_UNREACHABLE_CODE = YES;
				CLANG_WARN__DUPLICATE_METHOD_MATCH = YES;
				CODE_SIGN_IDENTITY = "iPhone Developer";
				COPY_PHASE_STRIP = NO;
				DEBUG_INFORMATION_FORMAT = "dwarf-with-dsym";
				ENABLE_NS_ASSERTIONS = NO;
				ENABLE_STRICT_OBJC_MSGSEND = YES;
				GCC_C_LANGUAGE_STANDARD = gnu11;
				GCC_NO_COMMON_BLOCKS = YES;
				GCC_WARN_64_TO_32_BIT_CONVERSION = YES;
				GCC_WARN_ABOUT_RETURN_TYPE = YES_ERROR;
				GCC_WARN_UNDECLARED_SELECTOR = YES;
				GCC_WARN_UNINITIALIZED_AUTOS = YES_AGGRESSIVE;
				GCC_WARN_UNUSED_FUNCTION = YES;
				GCC_WARN_UNUSED_VARIABLE = YES;
				IPHONEOS_DEPLOYMENT_TARGET = 11.2;
				MTL_ENABLE_DEBUG_INFO = NO;
				SDKROOT = iphoneos;
				SWIFT_OPTIMIZATION_LEVEL = "-Owholemodule";
				VALIDATE_PRODUCT = YES;
			};
			name = Release;
		};
		2E2906511FEA410900B9F54C /* Debug */ = {
			isa = XCBuildConfiguration;
			buildSettings = {
				ASSETCATALOG_COMPILER_APPICON_NAME = AppIcon;
				CODE_SIGN_STYLE = Automatic;
				DEVELOPMENT_TEAM = 39P72N6YMP;
				INFOPLIST_FILE = WeiBo/Info.plist;
				IPHONEOS_DEPLOYMENT_TARGET = 8.0;
				LD_RUNPATH_SEARCH_PATHS = "$(inherited) @executable_path/Frameworks";
				PRODUCT_BUNDLE_IDENTIFIER = baobiao.com.WeiBo;
				PRODUCT_NAME = "$(TARGET_NAME)";
				SWIFT_VERSION = 4.0;
				TARGETED_DEVICE_FAMILY = "1,2";
			};
			name = Debug;
		};
		2E2906521FEA410900B9F54C /* Release */ = {
			isa = XCBuildConfiguration;
			buildSettings = {
				ASSETCATALOG_COMPILER_APPICON_NAME = AppIcon;
				CODE_SIGN_STYLE = Automatic;
				DEVELOPMENT_TEAM = 39P72N6YMP;
				INFOPLIST_FILE = WeiBo/Info.plist;
				IPHONEOS_DEPLOYMENT_TARGET = 8.0;
				LD_RUNPATH_SEARCH_PATHS = "$(inherited) @executable_path/Frameworks";
				PRODUCT_BUNDLE_IDENTIFIER = baobiao.com.WeiBo;
				PRODUCT_NAME = "$(TARGET_NAME)";
				SWIFT_VERSION = 4.0;
				TARGETED_DEVICE_FAMILY = "1,2";
			};
			name = Release;
		};
		2E2906541FEA410900B9F54C /* Debug */ = {
			isa = XCBuildConfiguration;
			buildSettings = {
				ALWAYS_EMBED_SWIFT_STANDARD_LIBRARIES = YES;
				BUNDLE_LOADER = "$(TEST_HOST)";
				CODE_SIGN_STYLE = Automatic;
				DEVELOPMENT_TEAM = 39P72N6YMP;
				INFOPLIST_FILE = WeiBoTests/Info.plist;
				LD_RUNPATH_SEARCH_PATHS = "$(inherited) @executable_path/Frameworks @loader_path/Frameworks";
				PRODUCT_BUNDLE_IDENTIFIER = baobiao.com.WeiBoTests;
				PRODUCT_NAME = "$(TARGET_NAME)";
				SWIFT_VERSION = 4.0;
				TARGETED_DEVICE_FAMILY = "1,2";
				TEST_HOST = "$(BUILT_PRODUCTS_DIR)/WeiBo.app/WeiBo";
			};
			name = Debug;
		};
		2E2906551FEA410900B9F54C /* Release */ = {
			isa = XCBuildConfiguration;
			buildSettings = {
				ALWAYS_EMBED_SWIFT_STANDARD_LIBRARIES = YES;
				BUNDLE_LOADER = "$(TEST_HOST)";
				CODE_SIGN_STYLE = Automatic;
				DEVELOPMENT_TEAM = 39P72N6YMP;
				INFOPLIST_FILE = WeiBoTests/Info.plist;
				LD_RUNPATH_SEARCH_PATHS = "$(inherited) @executable_path/Frameworks @loader_path/Frameworks";
				PRODUCT_BUNDLE_IDENTIFIER = baobiao.com.WeiBoTests;
				PRODUCT_NAME = "$(TARGET_NAME)";
				SWIFT_VERSION = 4.0;
				TARGETED_DEVICE_FAMILY = "1,2";
				TEST_HOST = "$(BUILT_PRODUCTS_DIR)/WeiBo.app/WeiBo";
			};
			name = Release;
		};
		2E2906571FEA410900B9F54C /* Debug */ = {
			isa = XCBuildConfiguration;
			buildSettings = {
				ALWAYS_EMBED_SWIFT_STANDARD_LIBRARIES = YES;
				CODE_SIGN_STYLE = Automatic;
				DEVELOPMENT_TEAM = 39P72N6YMP;
				INFOPLIST_FILE = WeiBoUITests/Info.plist;
				LD_RUNPATH_SEARCH_PATHS = "$(inherited) @executable_path/Frameworks @loader_path/Frameworks";
				PRODUCT_BUNDLE_IDENTIFIER = baobiao.com.WeiBoUITests;
				PRODUCT_NAME = "$(TARGET_NAME)";
				SWIFT_VERSION = 4.0;
				TARGETED_DEVICE_FAMILY = "1,2";
				TEST_TARGET_NAME = WeiBo;
			};
			name = Debug;
		};
		2E2906581FEA410900B9F54C /* Release */ = {
			isa = XCBuildConfiguration;
			buildSettings = {
				ALWAYS_EMBED_SWIFT_STANDARD_LIBRARIES = YES;
				CODE_SIGN_STYLE = Automatic;
				DEVELOPMENT_TEAM = 39P72N6YMP;
				INFOPLIST_FILE = WeiBoUITests/Info.plist;
				LD_RUNPATH_SEARCH_PATHS = "$(inherited) @executable_path/Frameworks @loader_path/Frameworks";
				PRODUCT_BUNDLE_IDENTIFIER = baobiao.com.WeiBoUITests;
				PRODUCT_NAME = "$(TARGET_NAME)";
				SWIFT_VERSION = 4.0;
				TARGETED_DEVICE_FAMILY = "1,2";
				TEST_TARGET_NAME = WeiBo;
			};
			name = Release;
		};
/* End XCBuildConfiguration section */

/* Begin XCConfigurationList section */
		2E2906231FEA410900B9F54C /* Build configuration list for PBXProject "WeiBo" */ = {
			isa = XCConfigurationList;
			buildConfigurations = (
				2E29064E1FEA410900B9F54C /* Debug */,
				2E29064F1FEA410900B9F54C /* Release */,
			);
			defaultConfigurationIsVisible = 0;
			defaultConfigurationName = Release;
		};
		2E2906501FEA410900B9F54C /* Build configuration list for PBXNativeTarget "WeiBo" */ = {
			isa = XCConfigurationList;
			buildConfigurations = (
				2E2906511FEA410900B9F54C /* Debug */,
				2E2906521FEA410900B9F54C /* Release */,
			);
			defaultConfigurationIsVisible = 0;
			defaultConfigurationName = Release;
		};
		2E2906531FEA410900B9F54C /* Build configuration list for PBXNativeTarget "WeiBoTests" */ = {
			isa = XCConfigurationList;
			buildConfigurations = (
				2E2906541FEA410900B9F54C /* Debug */,
				2E2906551FEA410900B9F54C /* Release */,
			);
			defaultConfigurationIsVisible = 0;
			defaultConfigurationName = Release;
		};
		2E2906561FEA410900B9F54C /* Build configuration list for PBXNativeTarget "WeiBoUITests" */ = {
			isa = XCConfigurationList;
			buildConfigurations = (
				2E2906571FEA410900B9F54C /* Debug */,
				2E2906581FEA410900B9F54C /* Release */,
			);
			defaultConfigurationIsVisible = 0;
			defaultConfigurationName = Release;
		};
/* End XCConfigurationList section */
	};
	rootObject = 2E2906201FEA410900B9F54C /* Project object */;
}
